
Microsoft Visual Studio Solution File, Format Version 12.00
# Visual Studio Version 17
VisualStudioVersion = 17.4.33213.308
MinimumVisualStudioVersion = 10.0.40219.1
Project("{FAE04EC0-301F-11D3-BF4B-00C04F79EFBC}") = "TelegramTestBot", "TelegramTestBot.csproj", "{5571DED9-6D07-47B6-9DC4-957C39210E96}"
EndProject
Global
	GlobalSection(SolutionConfigurationPlatforms) = preSolution
		Debug|Any CPU = Debug|Any CPU
		Release|Any CPU = Release|Any CPU
	EndGlobalSection
	GlobalSection(ProjectConfigurationPlatforms) = postSolution
		{5571DED9-6D07-47B6-9DC4-957C39210E96}.Debug|Any CPU.ActiveCfg = Debug|Any CPU
		{5571DED9-6D07-47B6-9DC4-957C39210E96}.Debug|Any CPU.Build.0 = Debug|Any CPU
		{5571DED9-6D07-47B6-9DC4-957C39210E96}.Release|Any CPU.ActiveCfg = Release|Any CPU
		{5571DED9-6D07-47B6-9DC4-957C39210E96}.Release|Any CPU.Build.0 = Release|Any CPU
	EndGlobalSection
	GlobalSection(SolutionProperties) = preSolution
		HideSolutionNode = FALSE
	EndGlobalSection
	GlobalSection(ExtensibilityGlobals) = postSolution
		SolutionGuid = {35C62840-85B1-4A8F-B6A8-640D58E7A12C}
	EndGlobalSection
EndGlobal
